// !$*UTF8*$!
{
	archiveVersion = 1;
	classes = {
	};
	objectVersion = 50;
	objects = {

/* Begin PBXBuildFile section */
		8E3E6BE22361A0A90001D915 /* EditJogViewController.swift in Sources */ = {isa = PBXBuildFile; fileRef = 8E3E6BE12361A0A90001D915 /* EditJogViewController.swift */; };
		8E3E6BE42361A2F80001D915 /* JogTableViewCell.swift in Sources */ = {isa = PBXBuildFile; fileRef = 8E3E6BE32361A2F80001D915 /* JogTableViewCell.swift */; };
		8E3E6BE72361C2D30001D915 /* NetworkManager.swift in Sources */ = {isa = PBXBuildFile; fileRef = 8E3E6BE62361C2D30001D915 /* NetworkManager.swift */; };
		8E3E6BE92361C9B70001D915 /* AuthResponse.swift in Sources */ = {isa = PBXBuildFile; fileRef = 8E3E6BE82361C9B70001D915 /* AuthResponse.swift */; };
		8E3E6BEC2361CA750001D915 /* User.swift in Sources */ = {isa = PBXBuildFile; fileRef = 8E3E6BEB2361CA750001D915 /* User.swift */; };
		8E71419F23609686005968AA /* AppDelegate.swift in Sources */ = {isa = PBXBuildFile; fileRef = 8E71419E23609686005968AA /* AppDelegate.swift */; };
		8E7141A323609686005968AA /* LoginViewController.swift in Sources */ = {isa = PBXBuildFile; fileRef = 8E7141A223609686005968AA /* LoginViewController.swift */; };
		8E7141A623609686005968AA /* Main.storyboard in Resources */ = {isa = PBXBuildFile; fileRef = 8E7141A423609686005968AA /* Main.storyboard */; };
		8E7141A823609698005968AA /* Assets.xcassets in Resources */ = {isa = PBXBuildFile; fileRef = 8E7141A723609698005968AA /* Assets.xcassets */; };
		8E7141AB23609698005968AA /* LaunchScreen.storyboard in Resources */ = {isa = PBXBuildFile; fileRef = 8E7141A923609698005968AA /* LaunchScreen.storyboard */; };
		8E7D58AB2361964600852316 /* JogsViewController.swift in Sources */ = {isa = PBXBuildFile; fileRef = 8E7D58AA2361964600852316 /* JogsViewController.swift */; };
		8EF34CC22362D69200ED3982 /* Jog.swift in Sources */ = {isa = PBXBuildFile; fileRef = 8EF34CC12362D69200ED3982 /* Jog.swift */; };
		8EF34CC42362D98500ED3982 /* Response.swift in Sources */ = {isa = PBXBuildFile; fileRef = 8EF34CC32362D98500ED3982 /* Response.swift */; };
/* End PBXBuildFile section */

/* Begin PBXFileReference section */
		8E3E6BE12361A0A90001D915 /* EditJogViewController.swift */ = {isa = PBXFileReference; lastKnownFileType = sourcecode.swift; path = EditJogViewController.swift; sourceTree = "<group>"; };
		8E3E6BE32361A2F80001D915 /* JogTableViewCell.swift */ = {isa = PBXFileReference; lastKnownFileType = sourcecode.swift; path = JogTableViewCell.swift; sourceTree = "<group>"; };
		8E3E6BE62361C2D30001D915 /* NetworkManager.swift */ = {isa = PBXFileReference; lastKnownFileType = sourcecode.swift; path = NetworkManager.swift; sourceTree = "<group>"; };
		8E3E6BE82361C9B70001D915 /* AuthResponse.swift */ = {isa = PBXFileReference; lastKnownFileType = sourcecode.swift; path = AuthResponse.swift; sourceTree = "<group>"; };
		8E3E6BEB2361CA750001D915 /* User.swift */ = {isa = PBXFileReference; lastKnownFileType = sourcecode.swift; path = User.swift; sourceTree = "<group>"; };
		8E71419B23609686005968AA /* Jog Tracker.app */ = {isa = PBXFileReference; explicitFileType = wrapper.application; includeInIndex = 0; path = "Jog Tracker.app"; sourceTree = BUILT_PRODUCTS_DIR; };
		8E71419E23609686005968AA /* AppDelegate.swift */ = {isa = PBXFileReference; lastKnownFileType = sourcecode.swift; path = AppDelegate.swift; sourceTree = "<group>"; };
		8E7141A223609686005968AA /* LoginViewController.swift */ = {isa = PBXFileReference; lastKnownFileType = sourcecode.swift; path = LoginViewController.swift; sourceTree = "<group>"; };
		8E7141A523609686005968AA /* Base */ = {isa = PBXFileReference; lastKnownFileType = file.storyboard; name = Base; path = Base.lproj/Main.storyboard; sourceTree = "<group>"; };
		8E7141A723609698005968AA /* Assets.xcassets */ = {isa = PBXFileReference; lastKnownFileType = folder.assetcatalog; path = Assets.xcassets; sourceTree = "<group>"; };
		8E7141AA23609698005968AA /* Base */ = {isa = PBXFileReference; lastKnownFileType = file.storyboard; name = Base; path = Base.lproj/LaunchScreen.storyboard; sourceTree = "<group>"; };
		8E7141AC23609698005968AA /* Info.plist */ = {isa = PBXFileReference; lastKnownFileType = text.plist.xml; path = Info.plist; sourceTree = "<group>"; };
		8E7D58AA2361964600852316 /* JogsViewController.swift */ = {isa = PBXFileReference; lastKnownFileType = sourcecode.swift; path = JogsViewController.swift; sourceTree = "<group>"; };
		8EF34CC12362D69200ED3982 /* Jog.swift */ = {isa = PBXFileReference; lastKnownFileType = sourcecode.swift; path = Jog.swift; sourceTree = "<group>"; };
		8EF34CC32362D98500ED3982 /* Response.swift */ = {isa = PBXFileReference; lastKnownFileType = sourcecode.swift; path = Response.swift; sourceTree = "<group>"; };
/* End PBXFileReference section */

/* Begin PBXFrameworksBuildPhase section */
		8E71419823609686005968AA /* Frameworks */ = {
			isa = PBXFrameworksBuildPhase;
			buildActionMask = 2147483647;
			files = (
			);
			runOnlyForDeploymentPostprocessing = 0;
		};
/* End PBXFrameworksBuildPhase section */

/* Begin PBXGroup section */
		8E3E6BE52361C2AB0001D915 /* Services */ = {
			isa = PBXGroup;
			children = (
				8E3E6BE62361C2D30001D915 /* NetworkManager.swift */,
				8E3E6BE82361C9B70001D915 /* AuthResponse.swift */,
				8EF34CC32362D98500ED3982 /* Response.swift */,
			);
			path = Services;
			sourceTree = "<group>";
		};
		8E3E6BEA2361CA5E0001D915 /* Model */ = {
			isa = PBXGroup;
			children = (
				8E3E6BEB2361CA750001D915 /* User.swift */,
				8EF34CC12362D69200ED3982 /* Jog.swift */,
			);
			path = Model;
			sourceTree = "<group>";
		};
		8E71419223609685005968AA = {
			isa = PBXGroup;
			children = (
				8E71419D23609686005968AA /* Jog Tracker */,
				8E71419C23609686005968AA /* Products */,
			);
			sourceTree = "<group>";
		};
		8E71419C23609686005968AA /* Products */ = {
			isa = PBXGroup;
			children = (
				8E71419B23609686005968AA /* Jog Tracker.app */,
			);
			name = Products;
			sourceTree = "<group>";
		};
		8E71419D23609686005968AA /* Jog Tracker */ = {
			isa = PBXGroup;
			children = (
				8E3E6BEA2361CA5E0001D915 /* Model */,
				8E3E6BE52361C2AB0001D915 /* Services */,
				8E7141B223609AB4005968AA /* Controller */,
				8E7141B323609ABD005968AA /* View */,
				8E7141B423609AC8005968AA /* Supporting Files */,
			);
			path = "Jog Tracker";
			sourceTree = "<group>";
		};
		8E7141B223609AB4005968AA /* Controller */ = {
			isa = PBXGroup;
			children = (
				8E7141A223609686005968AA /* LoginViewController.swift */,
				8E7D58AA2361964600852316 /* JogsViewController.swift */,
				8E3E6BE12361A0A90001D915 /* EditJogViewController.swift */,
			);
			path = Controller;
			sourceTree = "<group>";
		};
		8E7141B323609ABD005968AA /* View */ = {
			isa = PBXGroup;
			children = (
				8E7141A423609686005968AA /* Main.storyboard */,
				8E3E6BE32361A2F80001D915 /* JogTableViewCell.swift */,
			);
			path = View;
			sourceTree = "<group>";
		};
		8E7141B423609AC8005968AA /* Supporting Files */ = {
			isa = PBXGroup;
			children = (
				8E7141A923609698005968AA /* LaunchScreen.storyboard */,
				8E71419E23609686005968AA /* AppDelegate.swift */,
				8E7141A723609698005968AA /* Assets.xcassets */,
				8E7141AC23609698005968AA /* Info.plist */,
			);
			path = "Supporting Files";
			sourceTree = "<group>";
		};
/* End PBXGroup section */

/* Begin PBXNativeTarget section */
		8E71419A23609686005968AA /* Jog Tracker */ = {
			isa = PBXNativeTarget;
			buildConfigurationList = 8E7141AF23609698005968AA /* Build configuration list for PBXNativeTarget "Jog Tracker" */;
			buildPhases = (
				8E71419723609686005968AA /* Sources */,
				8E71419823609686005968AA /* Frameworks */,
				8E71419923609686005968AA /* Resources */,
			);
			buildRules = (
			);
			dependencies = (
			);
			name = "Jog Tracker";
			productName = "Jog Tracker";
			productReference = 8E71419B23609686005968AA /* Jog Tracker.app */;
			productType = "com.apple.product-type.application";
		};
/* End PBXNativeTarget section */

/* Begin PBXProject section */
		8E71419323609686005968AA /* Project object */ = {
			isa = PBXProject;
			attributes = {
				LastSwiftUpdateCheck = 1110;
				LastUpgradeCheck = 1110;
				ORGANIZATIONNAME = "Artyom Sadyrin";
				TargetAttributes = {
					8E71419A23609686005968AA = {
						CreatedOnToolsVersion = 11.1;
					};
				};
			};
			buildConfigurationList = 8E71419623609686005968AA /* Build configuration list for PBXProject "Jog Tracker" */;
			compatibilityVersion = "Xcode 9.3";
			developmentRegion = en;
			hasScannedForEncodings = 0;
			knownRegions = (
				en,
				Base,
			);
			mainGroup = 8E71419223609685005968AA;
			productRefGroup = 8E71419C23609686005968AA /* Products */;
			projectDirPath = "";
			projectRoot = "";
			targets = (
				8E71419A23609686005968AA /* Jog Tracker */,
			);
		};
/* End PBXProject section */

/* Begin PBXResourcesBuildPhase section */
		8E71419923609686005968AA /* Resources */ = {
			isa = PBXResourcesBuildPhase;
			buildActionMask = 2147483647;
			files = (
				8E7141AB23609698005968AA /* LaunchScreen.storyboard in Resources */,
				8E7141A823609698005968AA /* Assets.xcassets in Resources */,
				8E7141A623609686005968AA /* Main.storyboard in Resources */,
			);
			runOnlyForDeploymentPostprocessing = 0;
		};
/* End PBXResourcesBuildPhase section */

/* Begin PBXSourcesBuildPhase section */
		8E71419723609686005968AA /* Sources */ = {
			isa = PBXSourcesBuildPhase;
			buildActionMask = 2147483647;
			files = (
				8E3E6BE72361C2D30001D915 /* NetworkManager.swift in Sources */,
				8E7141A323609686005968AA /* LoginViewController.swift in Sources */,
				8E71419F23609686005968AA /* AppDelegate.swift in Sources */,
				8E7D58AB2361964600852316 /* JogsViewController.swift in Sources */,
				8EF34CC42362D98500ED3982 /* Response.swift in Sources */,
				8EF34CC22362D69200ED3982 /* Jog.swift in Sources */,
				8E3E6BEC2361CA750001D915 /* User.swift in Sources */,
				8E3E6BE92361C9B70001D915 /* AuthResponse.swift in Sources */,
				8E3E6BE22361A0A90001D915 /* EditJogViewController.swift in Sources */,
				8E3E6BE42361A2F80001D915 /* JogTableViewCell.swift in Sources */,
			);
			runOnlyForDeploymentPostprocessing = 0;
		};
/* End PBXSourcesBuildPhase section */

/* Begin PBXVariantGroup section */
		8E7141A423609686005968AA /* Main.storyboard */ = {
			isa = PBXVariantGroup;
			children = (
				8E7141A523609686005968AA /* Base */,
			);
			name = Main.storyboard;
			sourceTree = "<group>";
		};
		8E7141A923609698005968AA /* LaunchScreen.storyboard */ = {
			isa = PBXVariantGroup;
			children = (
				8E7141AA23609698005968AA /* Base */,
			);
			name = LaunchScreen.storyboard;
			sourceTree = "<group>";
		};
/* End PBXVariantGroup section */

/* Begin XCBuildConfiguration section */
		8E7141AD23609698005968AA /* Debug */ = {
			isa = XCBuildConfiguration;
			buildSettings = {
				ALWAYS_SEARCH_USER_PATHS = NO;
				CLANG_ANALYZER_NONNULL = YES;
				CLANG_ANALYZER_NUMBER_OBJECT_CONVERSION = YES_AGGRESSIVE;
				CLANG_CXX_LANGUAGE_STANDARD = "gnu++14";
				CLANG_CXX_LIBRARY = "libc++";
				CLANG_ENABLE_MODULES = YES;
				CLANG_ENABLE_OBJC_ARC = YES;
				CLANG_ENABLE_OBJC_WEAK = YES;
				CLANG_WARN_BLOCK_CAPTURE_AUTORELEASING = YES;
				CLANG_WARN_BOOL_CONVERSION = YES;
				CLANG_WARN_COMMA = YES;
				CLANG_WARN_CONSTANT_CONVERSION = YES;
				CLANG_WARN_DEPRECATED_OBJC_IMPLEMENTATIONS = YES;
				CLANG_WARN_DIRECT_OBJC_ISA_USAGE = YES_ERROR;
				CLANG_WARN_DOCUMENTATION_COMMENTS = YES;
				CLANG_WARN_EMPTY_BODY = YES;
				CLANG_WARN_ENUM_CONVERSION = YES;
				CLANG_WARN_INFINITE_RECURSION = YES;
				CLANG_WARN_INT_CONVERSION = YES;
				CLANG_WARN_NON_LITERAL_NULL_CONVERSION = YES;
				CLANG_WARN_OBJC_IMPLICIT_RETAIN_SELF = YES;
				CLANG_WARN_OBJC_LITERAL_CONVERSION = YES;
				CLANG_WARN_OBJC_ROOT_CLASS = YES_ERROR;
				CLANG_WARN_RANGE_LOOP_ANALYSIS = YES;
				CLANG_WARN_STRICT_PROTOTYPES = YES;
				CLANG_WARN_SUSPICIOUS_MOVE = YES;
				CLANG_WARN_UNGUARDED_AVAILABILITY = YES_AGGRESSIVE;
				CLANG_WARN_UNREACHABLE_CODE = YES;
				CLANG_WARN__DUPLICATE_METHOD_MATCH = YES;
				COPY_PHASE_STRIP = NO;
				DEBUG_INFORMATION_FORMAT = dwarf;
				ENABLE_STRICT_OBJC_MSGSEND = YES;
				ENABLE_TESTABILITY = YES;
				GCC_C_LANGUAGE_STANDARD = gnu11;
				GCC_DYNAMIC_NO_PIC = NO;
				GCC_NO_COMMON_BLOCKS = YES;
				GCC_OPTIMIZATION_LEVEL = 0;
				GCC_PREPROCESSOR_DEFINITIONS = (
					"DEBUG=1",
					"$(inherited)",
				);
				GCC_WARN_64_TO_32_BIT_CONVERSION = YES;
				GCC_WARN_ABOUT_RETURN_TYPE = YES_ERROR;
				GCC_WARN_UNDECLARED_SELECTOR = YES;
				GCC_WARN_UNINITIALIZED_AUTOS = YES_AGGRESSIVE;
				GCC_WARN_UNUSED_FUNCTION = YES;
				GCC_WARN_UNUSED_VARIABLE = YES;
				IPHONEOS_DEPLOYMENT_TARGET = 12.0;
				MTL_ENABLE_DEBUG_INFO = INCLUDE_SOURCE;
				MTL_FAST_MATH = YES;
				ONLY_ACTIVE_ARCH = YES;
				SDKROOT = iphoneos;
				SWIFT_ACTIVE_COMPILATION_CONDITIONS = DEBUG;
				SWIFT_OPTIMIZATION_LEVEL = "-Onone";
			};
			name = Debug;
		};
		8E7141AE23609698005968AA /* Release */ = {
			isa = XCBuildConfiguration;
			buildSettings = {
				ALWAYS_SEARCH_USER_PATHS = NO;
				CLANG_ANALYZER_NONNULL = YES;
				CLANG_ANALYZER_NUMBER_OBJECT_CONVERSION = YES_AGGRESSIVE;
				CLANG_CXX_LANGUAGE_STANDARD = "gnu++14";
				CLANG_CXX_LIBRARY = "libc++";
				CLANG_ENABLE_MODULES = YES;
				CLANG_ENABLE_OBJC_ARC = YES;
				CLANG_ENABLE_OBJC_WEAK = YES;
				CLANG_WARN_BLOCK_CAPTURE_AUTORELEASING = YES;
				CLANG_WARN_BOOL_CONVERSION = YES;
				CLANG_WARN_COMMA = YES;
				CLANG_WARN_CONSTANT_CONVERSION = YES;
				CLANG_WARN_DEPRECATED_OBJC_IMPLEMENTATIONS = YES;
				CLANG_WARN_DIRECT_OBJC_ISA_USAGE = YES_ERROR;
				CLANG_WARN_DOCUMENTATION_COMMENTS = YES;
				CLANG_WARN_EMPTY_BODY = YES;
				CLANG_WARN_ENUM_CONVERSION = YES;
				CLANG_WARN_INFINITE_RECURSION = YES;
				CLANG_WARN_INT_CONVERSION = YES;
				CLANG_WARN_NON_LITERAL_NULL_CONVERSION = YES;
				CLANG_WARN_OBJC_IMPLICIT_RETAIN_SELF = YES;
				CLANG_WARN_OBJC_LITERAL_CONVERSION = YES;
				CLANG_WARN_OBJC_ROOT_CLASS = YES_ERROR;
				CLANG_WARN_RANGE_LOOP_ANALYSIS = YES;
				CLANG_WARN_STRICT_PROTOTYPES = YES;
				CLANG_WARN_SUSPICIOUS_MOVE = YES;
				CLANG_WARN_UNGUARDED_AVAILABILITY = YES_AGGRESSIVE;
				CLANG_WARN_UNREACHABLE_CODE = YES;
				CLANG_WARN__DUPLICATE_METHOD_MATCH = YES;
				COPY_PHASE_STRIP = NO;
				DEBUG_INFORMATION_FORMAT = "dwarf-with-dsym";
				ENABLE_NS_ASSERTIONS = NO;
				ENABLE_STRICT_OBJC_MSGSEND = YES;
				GCC_C_LANGUAGE_STANDARD = gnu11;
				GCC_NO_COMMON_BLOCKS = YES;
				GCC_WARN_64_TO_32_BIT_CONVERSION = YES;
				GCC_WARN_ABOUT_RETURN_TYPE = YES_ERROR;
				GCC_WARN_UNDECLARED_SELECTOR = YES;
				GCC_WARN_UNINITIALIZED_AUTOS = YES_AGGRESSIVE;
				GCC_WARN_UNUSED_FUNCTION = YES;
				GCC_WARN_UNUSED_VARIABLE = YES;
				IPHONEOS_DEPLOYMENT_TARGET = 12.0;
				MTL_ENABLE_DEBUG_INFO = NO;
				MTL_FAST_MATH = YES;
				SDKROOT = iphoneos;
				SWIFT_COMPILATION_MODE = wholemodule;
				SWIFT_OPTIMIZATION_LEVEL = "-O";
				VALIDATE_PRODUCT = YES;
			};
			name = Release;
		};
		8E7141B023609698005968AA /* Debug */ = {
			isa = XCBuildConfiguration;
			buildSettings = {
				ASSETCATALOG_COMPILER_APPICON_NAME = AppIcon;
				CODE_SIGN_STYLE = Automatic;
				DEVELOPMENT_TEAM = 8LSCB2ZP9M;
				INFOPLIST_FILE = "Jog Tracker/Supporting Files/Info.plist";
				LD_RUNPATH_SEARCH_PATHS = (
					"$(inherited)",
					"@executable_path/Frameworks",
				);
				PRODUCT_BUNDLE_IDENTIFIER = "io.github.artyomsadyrin.Jog-Tracker";
				PRODUCT_NAME = "$(TARGET_NAME)";
				SWIFT_VERSION = 5.0;
				TARGETED_DEVICE_FAMILY = "1,2";
			};
			name = Debug;
		};
		8E7141B123609698005968AA /* Release */ = {
			isa = XCBuildConfiguration;
			buildSettings = {
				ASSETCATALOG_COMPILER_APPICON_NAME = AppIcon;
				CODE_SIGN_STYLE = Automatic;
				DEVELOPMENT_TEAM = 8LSCB2ZP9M;
				INFOPLIST_FILE = "Jog Tracker/Supporting Files/Info.plist";
				LD_RUNPATH_SEARCH_PATHS = (
					"$(inherited)",
					"@executable_path/Frameworks",
				);
				PRODUCT_BUNDLE_IDENTIFIER = "io.github.artyomsadyrin.Jog-Tracker";
				PRODUCT_NAME = "$(TARGET_NAME)";
				SWIFT_VERSION = 5.0;
				TARGETED_DEVICE_FAMILY = "1,2";
			};
			name = Release;
		};
/* End XCBuildConfiguration section */

/* Begin XCConfigurationList section */
		8E71419623609686005968AA /* Build configuration list for PBXProject "Jog Tracker" */ = {
			isa = XCConfigurationList;
			buildConfigurations = (
				8E7141AD23609698005968AA /* Debug */,
				8E7141AE23609698005968AA /* Release */,
			);
			defaultConfigurationIsVisible = 0;
			defaultConfigurationName = Release;
		};
		8E7141AF23609698005968AA /* Build configuration list for PBXNativeTarget "Jog Tracker" */ = {
			isa = XCConfigurationList;
			buildConfigurations = (
				8E7141B023609698005968AA /* Debug */,
				8E7141B123609698005968AA /* Release */,
			);
			defaultConfigurationIsVisible = 0;
			defaultConfigurationName = Release;
		};
/* End XCConfigurationList section */
	};
	rootObject = 8E71419323609686005968AA /* Project object */;
}
